
Microsoft Visual Studio Solution File, Format Version 12.00
# Visual Studio Version 17
VisualStudioVersion = 17.11.35312.102
MinimumVisualStudioVersion = 10.0.40219.1
Project("{9A19103F-16F7-4668-BE54-9A1E7A4F7556}") = "Module1", "Module1.csproj", "{7EBA4D1D-7C85-4ECA-B78D-A2F1B35C13EC}"
EndProject
Project("{9A19103F-16F7-4668-BE54-9A1E7A4F7556}") = "Module2", "..\Module2\Module2.csproj", "{3B870315-7879-4ECC-AD85-3835BFE0F592}"
EndProject
Project("{FAE04EC0-301F-11D3-BF4B-00C04F79EFBC}") = "Module1.2", "..\Module1.2\Module1.2.csproj", "{A72B1688-EE0B-48D1-8C88-9A8E3DEE91F1}"
EndProject
Project("{FAE04EC0-301F-11D3-BF4B-00C04F79EFBC}") = "Module1.3", "..\Module1.3\Module1.3.csproj", "{1E6A2821-9595-49FC-81BE-6710F8867163}"
EndProject
Global
	GlobalSection(SolutionConfigurationPlatforms) = preSolution
		Debug|Any CPU = Debug|Any CPU
		Release|Any CPU = Release|Any CPU
	EndGlobalSection
	GlobalSection(ProjectConfigurationPlatforms) = postSolution
		{7EBA4D1D-7C85-4ECA-B78D-A2F1B35C13EC}.Debug|Any CPU.ActiveCfg = Debug|Any CPU
		{7EBA4D1D-7C85-4ECA-B78D-A2F1B35C13EC}.Debug|Any CPU.Build.0 = Debug|Any CPU
		{7EBA4D1D-7C85-4ECA-B78D-A2F1B35C13EC}.Release|Any CPU.ActiveCfg = Release|Any CPU
		{7EBA4D1D-7C85-4ECA-B78D-A2F1B35C13EC}.Release|Any CPU.Build.0 = Release|Any CPU
		{3B870315-7879-4ECC-AD85-3835BFE0F592}.Debug|Any CPU.ActiveCfg = Debug|Any CPU
		{3B870315-7879-4ECC-AD85-3835BFE0F592}.Debug|Any CPU.Build.0 = Debug|Any CPU
		{3B870315-7879-4ECC-AD85-3835BFE0F592}.Release|Any CPU.ActiveCfg = Release|Any CPU
		{3B870315-7879-4ECC-AD85-3835BFE0F592}.Release|Any CPU.Build.0 = Release|Any CPU
		{A72B1688-EE0B-48D1-8C88-9A8E3DEE91F1}.Debug|Any CPU.ActiveCfg = Debug|Any CPU
		{A72B1688-EE0B-48D1-8C88-9A8E3DEE91F1}.Debug|Any CPU.Build.0 = Debug|Any CPU
		{A72B1688-EE0B-48D1-8C88-9A8E3DEE91F1}.Release|Any CPU.ActiveCfg = Release|Any CPU
		{A72B1688-EE0B-48D1-8C88-9A8E3DEE91F1}.Release|Any CPU.Build.0 = Release|Any CPU
		{1E6A2821-9595-49FC-81BE-6710F8867163}.Debug|Any CPU.ActiveCfg = Debug|Any CPU
		{1E6A2821-9595-49FC-81BE-6710F8867163}.Debug|Any CPU.Build.0 = Debug|Any CPU
		{1E6A2821-9595-49FC-81BE-6710F8867163}.Release|Any CPU.ActiveCfg = Release|Any CPU
		{1E6A2821-9595-49FC-81BE-6710F8867163}.Release|Any CPU.Build.0 = Release|Any CPU
	EndGlobalSection
	GlobalSection(SolutionProperties) = preSolution
		HideSolutionNode = FALSE
	EndGlobalSection
	GlobalSection(ExtensibilityGlobals) = postSolution
		SolutionGuid = {55C2077F-9458-4B7E-9DC8-4D9403611D18}
	EndGlobalSection
EndGlobal
